
Microsoft Visual Studio Solution File, Format Version 12.00
# Visual Studio 15
VisualStudioVersion = 15.0.28307.421
MinimumVisualStudioVersion = 10.0.40219.1
Project("{FAE04EC0-301F-11D3-BF4B-00C04F79EFBC}") = "Bangazon-Classes", "Bangazon-Classes\Bangazon-Classes.csproj", "{0C109DC1-3E01-402E-A4C1-06B70E3C4825}"
EndProject
Global
	GlobalSection(SolutionConfigurationPlatforms) = preSolution
		Debug|Any CPU = Debug|Any CPU
		Release|Any CPU = Release|Any CPU
	EndGlobalSection
	GlobalSection(ProjectConfigurationPlatforms) = postSolution
		{0C109DC1-3E01-402E-A4C1-06B70E3C4825}.Debug|Any CPU.ActiveCfg = Debug|Any CPU
		{0C109DC1-3E01-402E-A4C1-06B70E3C4825}.Debug|Any CPU.Build.0 = Debug|Any CPU
		{0C109DC1-3E01-402E-A4C1-06B70E3C4825}.Release|Any CPU.ActiveCfg = Release|Any CPU
		{0C109DC1-3E01-402E-A4C1-06B70E3C4825}.Release|Any CPU.Build.0 = Release|Any CPU
	EndGlobalSection
	GlobalSection(SolutionProperties) = preSolution
		HideSolutionNode = FALSE
	EndGlobalSection
	GlobalSection(ExtensibilityGlobals) = postSolution
		SolutionGuid = {E2D79C92-DB64-4809-A034-6EFB0DDCF352}
	EndGlobalSection
EndGlobal
